
Microsoft Visual Studio Solution File, Format Version 12.00
# Visual Studio Version 16
VisualStudioVersion = 16.0.29326.143
MinimumVisualStudioVersion = 10.0.40219.1
Project("{FAE04EC0-301F-11D3-BF4B-00C04F79EFBC}") = "Calculation", "Calculation\Calculation.csproj", "{4F28F08F-F51B-43F3-AA14-63ACA0DA6B81}"
EndProject
Global
	GlobalSection(SolutionConfigurationPlatforms) = preSolution
		Debug|Any CPU = Debug|Any CPU
		Release|Any CPU = Release|Any CPU
	EndGlobalSection
	GlobalSection(ProjectConfigurationPlatforms) = postSolution
		{4F28F08F-F51B-43F3-AA14-63ACA0DA6B81}.Debug|Any CPU.ActiveCfg = Debug|Any CPU
		{4F28F08F-F51B-43F3-AA14-63ACA0DA6B81}.Debug|Any CPU.Build.0 = Debug|Any CPU
		{4F28F08F-F51B-43F3-AA14-63ACA0DA6B81}.Release|Any CPU.ActiveCfg = Release|Any CPU
		{4F28F08F-F51B-43F3-AA14-63ACA0DA6B81}.Release|Any CPU.Build.0 = Release|Any CPU
	EndGlobalSection
	GlobalSection(SolutionProperties) = preSolution
		HideSolutionNode = FALSE
	EndGlobalSection
	GlobalSection(ExtensibilityGlobals) = postSolution
		SolutionGuid = {2745A328-CFC7-402F-9B77-F8BDC0B79AB3}
	EndGlobalSection
EndGlobal
